PODS:
  - JTAppleCalendar (7.1.5)

DEPENDENCIES:
  - JTAppleCalendar (~> 7.0)

SPEC REPOS:
  https://github.com/cocoapods/specs.git:
    - JTAppleCalendar

SPEC CHECKSUMS:
  JTAppleCalendar: 2d4f974f9f3c8b4964d51ca1f6e004883c031fbe

PODFILE CHECKSUM: 350abc86baac3a3cabffc19faf1ea51e77bc5ea7

COCOAPODS: 1.5.3
